{
  "name": "@harshil_tomar/blog-app",
  "version": "1.0.1",
  "lockfileVersion": 3,
  "requires": true,
  "packages": {
    "": {
      "name": "@harshil_tomar/blog-app",
      "version": "1.0.1",
      "license": "ISC",
      "dependencies": {
        "@harshil_tomar/blog-app": "^1.0.1",
        "zod": "^3.22.4"
      }
    },
    "node_modules/@harshil_tomar/blog-app": {
      "version": "1.0.1",
      "resolved": "https://registry.npmjs.org/@harshil_tomar/blog-app/-/blog-app-1.0.1.tgz",
      "integrity": "sha512-vzz8zAU/Y+LBAh+IltApmrolHkGOy96P4YZcDKZq1SLKFMttYW2Kto/CLoHz7687/PsoRO3TqoQ0loeMx8OB7g==",
      "dependencies": {
        "zod": "^3.22.4"
      }
    },
    "node_modules/zod": {
      "version": "3.22.4",
      "resolved": "https://registry.npmjs.org/zod/-/zod-3.22.4.tgz",
      "integrity": "sha512-iC+8Io04lddc+mVqQ9AZ7OQ2MrUKGN+oIQyq1vemgt46jwCwLfhq7/pwnBnNXXXZb8VTVLKwp9EDkx+ryxIWmg==",
      "funding": {
        "url": "https://github.com/sponsors/colinhacks"
      }
    }
  }
}
